// !$*UTF8*$!
{
	archiveVersion = 1;
	classes = {
	};
	objectVersion = 56;
	objects = {

/* Begin PBXBuildFile section */
		23B1277C2AAE7C23001594F6 /* AppDelegate.swift in Sources */ = {isa = PBXBuildFile; fileRef = 23B1277B2AAE7C23001594F6 /* AppDelegate.swift */; };
		23B1277E2AAE7C23001594F6 /* ViewController.swift in Sources */ = {isa = PBXBuildFile; fileRef = 23B1277D2AAE7C23001594F6 /* ViewController.swift */; };
		23B127802AAE7C25001594F6 /* Assets.xcassets in Resources */ = {isa = PBXBuildFile; fileRef = 23B1277F2AAE7C25001594F6 /* Assets.xcassets */; };
		23B127832AAE7C25001594F6 /* Main.storyboard in Resources */ = {isa = PBXBuildFile; fileRef = 23B127812AAE7C25001594F6 /* Main.storyboard */; };
		23B1278D2AAE7C64001594F6 /* HTInfiniteScrollView in Frameworks */ = {isa = PBXBuildFile; productRef = 23B1278C2AAE7C64001594F6 /* HTInfiniteScrollView */; };
		23B1278F2AAE7C8B001594F6 /* HTInfiniteDocumentView.swift in Sources */ = {isa = PBXBuildFile; fileRef = 23B1278E2AAE7C8B001594F6 /* HTInfiniteDocumentView.swift */; };
		23B127912AAE9959001594F6 /* HTContentTileView.swift in Sources */ = {isa = PBXBuildFile; fileRef = 23B127902AAE9959001594F6 /* HTContentTileView.swift */; };
/* End PBXBuildFile section */

/* Begin PBXFileReference section */
		23B127782AAE7C23001594F6 /* HTInfiniteDocument Demo.app */ = {isa = PBXFileReference; explicitFileType = wrapper.application; includeInIndex = 0; path = "HTInfiniteDocument Demo.app"; sourceTree = BUILT_PRODUCTS_DIR; };
		23B1277B2AAE7C23001594F6 /* AppDelegate.swift */ = {isa = PBXFileReference; lastKnownFileType = sourcecode.swift; path = AppDelegate.swift; sourceTree = "<group>"; };
		23B1277D2AAE7C23001594F6 /* ViewController.swift */ = {isa = PBXFileReference; lastKnownFileType = sourcecode.swift; path = ViewController.swift; sourceTree = "<group>"; };
		23B1277F2AAE7C25001594F6 /* Assets.xcassets */ = {isa = PBXFileReference; lastKnownFileType = folder.assetcatalog; path = Assets.xcassets; sourceTree = "<group>"; };
		23B127822AAE7C25001594F6 /* Base */ = {isa = PBXFileReference; lastKnownFileType = file.storyboard; name = Base; path = Base.lproj/Main.storyboard; sourceTree = "<group>"; };
		23B127842AAE7C25001594F6 /* HTInfiniteDocument_Demo.entitlements */ = {isa = PBXFileReference; lastKnownFileType = text.plist.entitlements; path = HTInfiniteDocument_Demo.entitlements; sourceTree = "<group>"; };
		23B1278A2AAE7C49001594F6 /* HTInfiniteScrollView */ = {isa = PBXFileReference; lastKnownFileType = wrapper; name = HTInfiniteScrollView; path = ../..; sourceTree = "<group>"; };
		23B1278E2AAE7C8B001594F6 /* HTInfiniteDocumentView.swift */ = {isa = PBXFileReference; lastKnownFileType = sourcecode.swift; path = HTInfiniteDocumentView.swift; sourceTree = "<group>"; };
		23B127902AAE9959001594F6 /* HTContentTileView.swift */ = {isa = PBXFileReference; lastKnownFileType = sourcecode.swift; path = HTContentTileView.swift; sourceTree = "<group>"; };
/* End PBXFileReference section */

/* Begin PBXFrameworksBuildPhase section */
		23B127752AAE7C23001594F6 /* Frameworks */ = {
			isa = PBXFrameworksBuildPhase;
			buildActionMask = 2147483647;
			files = (
				23B1278D2AAE7C64001594F6 /* HTInfiniteScrollView in Frameworks */,
			);
			runOnlyForDeploymentPostprocessing = 0;
		};
/* End PBXFrameworksBuildPhase section */

/* Begin PBXGroup section */
		23B1276F2AAE7C23001594F6 = {
			isa = PBXGroup;
			children = (
				23B1278A2AAE7C49001594F6 /* HTInfiniteScrollView */,
				23B1277A2AAE7C23001594F6 /* HTInfiniteDocument Demo */,
				23B127792AAE7C23001594F6 /* Products */,
				23B1278B2AAE7C64001594F6 /* Frameworks */,
			);
			sourceTree = "<group>";
		};
		23B127792AAE7C23001594F6 /* Products */ = {
			isa = PBXGroup;
			children = (
				23B127782AAE7C23001594F6 /* HTInfiniteDocument Demo.app */,
			);
			name = Products;
			sourceTree = "<group>";
		};
		23B1277A2AAE7C23001594F6 /* HTInfiniteDocument Demo */ = {
			isa = PBXGroup;
			children = (
				23B1277B2AAE7C23001594F6 /* AppDelegate.swift */,
				23B1277D2AAE7C23001594F6 /* ViewController.swift */,
				23B1277F2AAE7C25001594F6 /* Assets.xcassets */,
				23B127812AAE7C25001594F6 /* Main.storyboard */,
				23B127842AAE7C25001594F6 /* HTInfiniteDocument_Demo.entitlements */,
				23B1278E2AAE7C8B001594F6 /* HTInfiniteDocumentView.swift */,
				23B127902AAE9959001594F6 /* HTContentTileView.swift */,
			);
			path = "HTInfiniteDocument Demo";
			sourceTree = "<group>";
		};
		23B1278B2AAE7C64001594F6 /* Frameworks */ = {
			isa = PBXGroup;
			children = (
			);
			name = Frameworks;
			sourceTree = "<group>";
		};
/* End PBXGroup section */

/* Begin PBXNativeTarget section */
		23B127772AAE7C23001594F6 /* HTInfiniteDocument Demo */ = {
			isa = PBXNativeTarget;
			buildConfigurationList = 23B127872AAE7C25001594F6 /* Build configuration list for PBXNativeTarget "HTInfiniteDocument Demo" */;
			buildPhases = (
				23B127742AAE7C23001594F6 /* Sources */,
				23B127752AAE7C23001594F6 /* Frameworks */,
				23B127762AAE7C23001594F6 /* Resources */,
			);
			buildRules = (
			);
			dependencies = (
			);
			name = "HTInfiniteDocument Demo";
			packageProductDependencies = (
				23B1278C2AAE7C64001594F6 /* HTInfiniteScrollView */,
			);
			productName = "HTInfiniteDocument Demo";
			productReference = 23B127782AAE7C23001594F6 /* HTInfiniteDocument Demo.app */;
			productType = "com.apple.product-type.application";
		};
/* End PBXNativeTarget section */

/* Begin PBXProject section */
		23B127702AAE7C23001594F6 /* Project object */ = {
			isa = PBXProject;
			attributes = {
				BuildIndependentTargetsInParallel = 1;
				LastSwiftUpdateCheck = 1500;
				LastUpgradeCheck = 1500;
				TargetAttributes = {
					23B127772AAE7C23001594F6 = {
						CreatedOnToolsVersion = 15.0;
					};
				};
			};
			buildConfigurationList = 23B127732AAE7C23001594F6 /* Build configuration list for PBXProject "HTInfiniteDocument Demo" */;
			compatibilityVersion = "Xcode 14.0";
			developmentRegion = en;
			hasScannedForEncodings = 0;
			knownRegions = (
				en,
				Base,
			);
			mainGroup = 23B1276F2AAE7C23001594F6;
			productRefGroup = 23B127792AAE7C23001594F6 /* Products */;
			projectDirPath = "";
			projectRoot = "";
			targets = (
				23B127772AAE7C23001594F6 /* HTInfiniteDocument Demo */,
			);
		};
/* End PBXProject section */

/* Begin PBXResourcesBuildPhase section */
		23B127762AAE7C23001594F6 /* Resources */ = {
			isa = PBXResourcesBuildPhase;
			buildActionMask = 2147483647;
			files = (
				23B127802AAE7C25001594F6 /* Assets.xcassets in Resources */,
				23B127832AAE7C25001594F6 /* Main.storyboard in Resources */,
			);
			runOnlyForDeploymentPostprocessing = 0;
		};
/* End PBXResourcesBuildPhase section */

/* Begin PBXSourcesBuildPhase section */
		23B127742AAE7C23001594F6 /* Sources */ = {
			isa = PBXSourcesBuildPhase;
			buildActionMask = 2147483647;
			files = (
				23B1277E2AAE7C23001594F6 /* ViewController.swift in Sources */,
				23B1278F2AAE7C8B001594F6 /* HTInfiniteDocumentView.swift in Sources */,
				23B127912AAE9959001594F6 /* HTContentTileView.swift in Sources */,
				23B1277C2AAE7C23001594F6 /* AppDelegate.swift in Sources */,
			);
			runOnlyForDeploymentPostprocessing = 0;
		};
/* End PBXSourcesBuildPhase section */

/* Begin PBXVariantGroup section */
		23B127812AAE7C25001594F6 /* Main.storyboard */ = {
			isa = PBXVariantGroup;
			children = (
				23B127822AAE7C25001594F6 /* Base */,
			);
			name = Main.storyboard;
			sourceTree = "<group>";
		};
/* End PBXVariantGroup section */

/* Begin XCBuildConfiguration section */
		23B127852AAE7C25001594F6 /* Debug */ = {
			isa = XCBuildConfiguration;
			buildSettings = {
				ALWAYS_SEARCH_USER_PATHS = NO;
				ASSETCATALOG_COMPILER_GENERATE_SWIFT_ASSET_SYMBOL_EXTENSIONS = YES;
				CLANG_ANALYZER_NONNULL = YES;
				CLANG_ANALYZER_NUMBER_OBJECT_CONVERSION = YES_AGGRESSIVE;
				CLANG_CXX_LANGUAGE_STANDARD = "gnu++20";
				CLANG_ENABLE_MODULES = YES;
				CLANG_ENABLE_OBJC_ARC = YES;
				CLANG_ENABLE_OBJC_WEAK = YES;
				CLANG_WARN_BLOCK_CAPTURE_AUTORELEASING = YES;
				CLANG_WARN_BOOL_CONVERSION = YES;
				CLANG_WARN_COMMA = YES;
				CLANG_WARN_CONSTANT_CONVERSION = YES;
				CLANG_WARN_DEPRECATED_OBJC_IMPLEMENTATIONS = YES;
				CLANG_WARN_DIRECT_OBJC_ISA_USAGE = YES_ERROR;
				CLANG_WARN_DOCUMENTATION_COMMENTS = YES;
				CLANG_WARN_EMPTY_BODY = YES;
				CLANG_WARN_ENUM_CONVERSION = YES;
				CLANG_WARN_INFINITE_RECURSION = YES;
				CLANG_WARN_INT_CONVERSION = YES;
				CLANG_WARN_NON_LITERAL_NULL_CONVERSION = YES;
				CLANG_WARN_OBJC_IMPLICIT_RETAIN_SELF = YES;
				CLANG_WARN_OBJC_LITERAL_CONVERSION = YES;
				CLANG_WARN_OBJC_ROOT_CLASS = YES_ERROR;
				CLANG_WARN_QUOTED_INCLUDE_IN_FRAMEWORK_HEADER = YES;
				CLANG_WARN_RANGE_LOOP_ANALYSIS = YES;
				CLANG_WARN_STRICT_PROTOTYPES = YES;
				CLANG_WARN_SUSPICIOUS_MOVE = YES;
				CLANG_WARN_UNGUARDED_AVAILABILITY = YES_AGGRESSIVE;
				CLANG_WARN_UNREACHABLE_CODE = YES;
				CLANG_WARN__DUPLICATE_METHOD_MATCH = YES;
				COPY_PHASE_STRIP = NO;
				DEBUG_INFORMATION_FORMAT = dwarf;
				ENABLE_STRICT_OBJC_MSGSEND = YES;
				ENABLE_TESTABILITY = YES;
				ENABLE_USER_SCRIPT_SANDBOXING = YES;
				GCC_C_LANGUAGE_STANDARD = gnu17;
				GCC_DYNAMIC_NO_PIC = NO;
				GCC_NO_COMMON_BLOCKS = YES;
				GCC_OPTIMIZATION_LEVEL = 0;
				GCC_PREPROCESSOR_DEFINITIONS = (
					"DEBUG=1",
					"$(inherited)",
				);
				GCC_WARN_64_TO_32_BIT_CONVERSION = YES;
				GCC_WARN_ABOUT_RETURN_TYPE = YES_ERROR;
				GCC_WARN_UNDECLARED_SELECTOR = YES;
				GCC_WARN_UNINITIALIZED_AUTOS = YES_AGGRESSIVE;
				GCC_WARN_UNUSED_FUNCTION = YES;
				GCC_WARN_UNUSED_VARIABLE = YES;
				LOCALIZATION_PREFERS_STRING_CATALOGS = YES;
				MACOSX_DEPLOYMENT_TARGET = 13.4;
				MTL_ENABLE_DEBUG_INFO = INCLUDE_SOURCE;
				MTL_FAST_MATH = YES;
				ONLY_ACTIVE_ARCH = YES;
				SDKROOT = macosx;
				SWIFT_ACTIVE_COMPILATION_CONDITIONS = "DEBUG $(inherited)";
				SWIFT_OPTIMIZATION_LEVEL = "-Onone";
			};
			name = Debug;
		};
		23B127862AAE7C25001594F6 /* Release */ = {
			isa = XCBuildConfiguration;
			buildSettings = {
				ALWAYS_SEARCH_USER_PATHS = NO;
				ASSETCATALOG_COMPILER_GENERATE_SWIFT_ASSET_SYMBOL_EXTENSIONS = YES;
				CLANG_ANALYZER_NONNULL = YES;
				CLANG_ANALYZER_NUMBER_OBJECT_CONVERSION = YES_AGGRESSIVE;
				CLANG_CXX_LANGUAGE_STANDARD = "gnu++20";
				CLANG_ENABLE_MODULES = YES;
				CLANG_ENABLE_OBJC_ARC = YES;
				CLANG_ENABLE_OBJC_WEAK = YES;
				CLANG_WARN_BLOCK_CAPTURE_AUTORELEASING = YES;
				CLANG_WARN_BOOL_CONVERSION = YES;
				CLANG_WARN_COMMA = YES;
				CLANG_WARN_CONSTANT_CONVERSION = YES;
				CLANG_WARN_DEPRECATED_OBJC_IMPLEMENTATIONS = YES;
				CLANG_WARN_DIRECT_OBJC_ISA_USAGE = YES_ERROR;
				CLANG_WARN_DOCUMENTATION_COMMENTS = YES;
				CLANG_WARN_EMPTY_BODY = YES;
				CLANG_WARN_ENUM_CONVERSION = YES;
				CLANG_WARN_INFINITE_RECURSION = YES;
				CLANG_WARN_INT_CONVERSION = YES;
				CLANG_WARN_NON_LITERAL_NULL_CONVERSION = YES;
				CLANG_WARN_OBJC_IMPLICIT_RETAIN_SELF = YES;
				CLANG_WARN_OBJC_LITERAL_CONVERSION = YES;
				CLANG_WARN_OBJC_ROOT_CLASS = YES_ERROR;
				CLANG_WARN_QUOTED_INCLUDE_IN_FRAMEWORK_HEADER = YES;
				CLANG_WARN_RANGE_LOOP_ANALYSIS = YES;
				CLANG_WARN_STRICT_PROTOTYPES = YES;
				CLANG_WARN_SUSPICIOUS_MOVE = YES;
				CLANG_WARN_UNGUARDED_AVAILABILITY = YES_AGGRESSIVE;
				CLANG_WARN_UNREACHABLE_CODE = YES;
				CLANG_WARN__DUPLICATE_METHOD_MATCH = YES;
				COPY_PHASE_STRIP = NO;
				DEBUG_INFORMATION_FORMAT = "dwarf-with-dsym";
				ENABLE_NS_ASSERTIONS = NO;
				ENABLE_STRICT_OBJC_MSGSEND = YES;
				ENABLE_USER_SCRIPT_SANDBOXING = YES;
				GCC_C_LANGUAGE_STANDARD = gnu17;
				GCC_NO_COMMON_BLOCKS = YES;
				GCC_WARN_64_TO_32_BIT_CONVERSION = YES;
				GCC_WARN_ABOUT_RETURN_TYPE = YES_ERROR;
				GCC_WARN_UNDECLARED_SELECTOR = YES;
				GCC_WARN_UNINITIALIZED_AUTOS = YES_AGGRESSIVE;
				GCC_WARN_UNUSED_FUNCTION = YES;
				GCC_WARN_UNUSED_VARIABLE = YES;
				LOCALIZATION_PREFERS_STRING_CATALOGS = YES;
				MACOSX_DEPLOYMENT_TARGET = 13.4;
				MTL_ENABLE_DEBUG_INFO = NO;
				MTL_FAST_MATH = YES;
				SDKROOT = macosx;
				SWIFT_COMPILATION_MODE = wholemodule;
			};
			name = Release;
		};
		23B127882AAE7C25001594F6 /* Debug */ = {
			isa = XCBuildConfiguration;
			buildSettings = {
				ASSETCATALOG_COMPILER_APPICON_NAME = AppIcon;
				ASSETCATALOG_COMPILER_GLOBAL_ACCENT_COLOR_NAME = AccentColor;
				CODE_SIGN_ENTITLEMENTS = "HTInfiniteDocument Demo/HTInfiniteDocument_Demo.entitlements";
				CODE_SIGN_STYLE = Manual;
				COMBINE_HIDPI_IMAGES = YES;
				CURRENT_PROJECT_VERSION = 1;
				DEVELOPMENT_TEAM = "";
				ENABLE_HARDENED_RUNTIME = YES;
				GENERATE_INFOPLIST_FILE = YES;
				INFOPLIST_KEY_NSHumanReadableCopyright = "";
				INFOPLIST_KEY_NSMainStoryboardFile = Main;
				INFOPLIST_KEY_NSPrincipalClass = NSApplication;
				LD_RUNPATH_SEARCH_PATHS = (
					"$(inherited)",
					"@executable_path/../Frameworks",
				);
				MACOSX_DEPLOYMENT_TARGET = 10.13;
				MARKETING_VERSION = 1.0;
				PRODUCT_BUNDLE_IDENTIFIER = "org.dagronf.HTInfiniteDocument-Demo";
				PRODUCT_NAME = "$(TARGET_NAME)";
				PROVISIONING_PROFILE_SPECIFIER = "";
				SWIFT_EMIT_LOC_STRINGS = YES;
				SWIFT_VERSION = 5.0;
			};
			name = Debug;
		};
		23B127892AAE7C25001594F6 /* Release */ = {
			isa = XCBuildConfiguration;
			buildSettings = {
				ASSETCATALOG_COMPILER_APPICON_NAME = AppIcon;
				ASSETCATALOG_COMPILER_GLOBAL_ACCENT_COLOR_NAME = AccentColor;
				CODE_SIGN_ENTITLEMENTS = "HTInfiniteDocument Demo/HTInfiniteDocument_Demo.entitlements";
				CODE_SIGN_STYLE = Manual;
				COMBINE_HIDPI_IMAGES = YES;
				CURRENT_PROJECT_VERSION = 1;
				DEVELOPMENT_TEAM = "";
				ENABLE_HARDENED_RUNTIME = YES;
				GENERATE_INFOPLIST_FILE = YES;
				INFOPLIST_KEY_NSHumanReadableCopyright = "";
				INFOPLIST_KEY_NSMainStoryboardFile = Main;
				INFOPLIST_KEY_NSPrincipalClass = NSApplication;
				LD_RUNPATH_SEARCH_PATHS = (
					"$(inherited)",
					"@executable_path/../Frameworks",
				);
				MACOSX_DEPLOYMENT_TARGET = 10.13;
				MARKETING_VERSION = 1.0;
				PRODUCT_BUNDLE_IDENTIFIER = "org.dagronf.HTInfiniteDocument-Demo";
				PRODUCT_NAME = "$(TARGET_NAME)";
				PROVISIONING_PROFILE_SPECIFIER = "";
				SWIFT_EMIT_LOC_STRINGS = YES;
				SWIFT_VERSION = 5.0;
			};
			name = Release;
		};
/* End XCBuildConfiguration section */

/* Begin XCConfigurationList section */
		23B127732AAE7C23001594F6 /* Build configuration list for PBXProject "HTInfiniteDocument Demo" */ = {
			isa = XCConfigurationList;
			buildConfigurations = (
				23B127852AAE7C25001594F6 /* Debug */,
				23B127862AAE7C25001594F6 /* Release */,
			);
			defaultConfigurationIsVisible = 0;
			defaultConfigurationName = Release;
		};
		23B127872AAE7C25001594F6 /* Build configuration list for PBXNativeTarget "HTInfiniteDocument Demo" */ = {
			isa = XCConfigurationList;
			buildConfigurations = (
				23B127882AAE7C25001594F6 /* Debug */,
				23B127892AAE7C25001594F6 /* Release */,
			);
			defaultConfigurationIsVisible = 0;
			defaultConfigurationName = Release;
		};
/* End XCConfigurationList section */

/* Begin XCSwiftPackageProductDependency section */
		23B1278C2AAE7C64001594F6 /* HTInfiniteScrollView */ = {
			isa = XCSwiftPackageProductDependency;
			productName = HTInfiniteScrollView;
		};
/* End XCSwiftPackageProductDependency section */
	};
	rootObject = 23B127702AAE7C23001594F6 /* Project object */;
}
